
Microsoft Visual Studio Solution File, Format Version 12.00
# Visual Studio Version 16
VisualStudioVersion = 16.0.29306.81
MinimumVisualStudioVersion = 10.0.40219.1
Project("{8BC9CEB8-8B4A-11D0-8D11-00A0C91BC942}") = "Decrypt", "Decrypt\Decrypt.vcxproj", "{442301C5-0423-4ABB-B32F-9222186A21FF}"
EndProject
Global
	GlobalSection(SolutionConfigurationPlatforms) = preSolution
		Debug|x64 = Debug|x64
		Debug|x86 = Debug|x86
		Release|x64 = Release|x64
		Release|x86 = Release|x86
	EndGlobalSection
	GlobalSection(ProjectConfigurationPlatforms) = postSolution
		{442301C5-0423-4ABB-B32F-9222186A21FF}.Debug|x64.ActiveCfg = Debug|x64
		{442301C5-0423-4ABB-B32F-9222186A21FF}.Debug|x64.Build.0 = Debug|x64
		{442301C5-0423-4ABB-B32F-9222186A21FF}.Debug|x86.ActiveCfg = Debug|Win32
		{442301C5-0423-4ABB-B32F-9222186A21FF}.Debug|x86.Build.0 = Debug|Win32
		{442301C5-0423-4ABB-B32F-9222186A21FF}.Release|x64.ActiveCfg = Release|x64
		{442301C5-0423-4ABB-B32F-9222186A21FF}.Release|x64.Build.0 = Release|x64
		{442301C5-0423-4ABB-B32F-9222186A21FF}.Release|x86.ActiveCfg = Release|Win32
		{442301C5-0423-4ABB-B32F-9222186A21FF}.Release|x86.Build.0 = Release|Win32
	EndGlobalSection
	GlobalSection(SolutionProperties) = preSolution
		HideSolutionNode = FALSE
	EndGlobalSection
	GlobalSection(ExtensibilityGlobals) = postSolution
		SolutionGuid = {959DE7E5-FAB0-49DE-BC7E-8432679B05C5}
	EndGlobalSection
EndGlobal
